
Microsoft Visual Studio Solution File, Format Version 12.00
# Visual Studio Version 16
VisualStudioVersion = 16.0.31112.23
MinimumVisualStudioVersion = 10.0.40219.1
Project("{9A19103F-16F7-4668-BE54-9A1E7A4F7556}") = "MetricsManager", "HomeWork1\MetricsManager.csproj", "{A910AC7C-998A-4F2D-A7D9-1F3356D0A51D}"
EndProject
Project("{FAE04EC0-301F-11D3-BF4B-00C04F79EFBC}") = "MetricsAgent", "MetricsAgent\MetricsAgent.csproj", "{C1B1A72A-6DFB-4192-91BA-80B0286D2254}"
EndProject
Project("{FAE04EC0-301F-11D3-BF4B-00C04F79EFBC}") = "MetricsManagerTests", "MetricsManagerTests\MetricsManagerTests.csproj", "{05BC2053-9EC6-42B2-A9C9-D6CCC9BE647E}"
EndProject
Project("{FAE04EC0-301F-11D3-BF4B-00C04F79EFBC}") = "MetricsAgentTests", "MetricsAgentTests\MetricsAgentTests.csproj", "{6C2AAFE0-41FB-472A-9DE8-BA236F3472DD}"
EndProject
Global
	GlobalSection(SolutionConfigurationPlatforms) = preSolution
		Debug|Any CPU = Debug|Any CPU
		Release|Any CPU = Release|Any CPU
	EndGlobalSection
	GlobalSection(ProjectConfigurationPlatforms) = postSolution
		{A910AC7C-998A-4F2D-A7D9-1F3356D0A51D}.Debug|Any CPU.ActiveCfg = Debug|Any CPU
		{A910AC7C-998A-4F2D-A7D9-1F3356D0A51D}.Debug|Any CPU.Build.0 = Debug|Any CPU
		{A910AC7C-998A-4F2D-A7D9-1F3356D0A51D}.Release|Any CPU.ActiveCfg = Release|Any CPU
		{A910AC7C-998A-4F2D-A7D9-1F3356D0A51D}.Release|Any CPU.Build.0 = Release|Any CPU
		{C1B1A72A-6DFB-4192-91BA-80B0286D2254}.Debug|Any CPU.ActiveCfg = Debug|Any CPU
		{C1B1A72A-6DFB-4192-91BA-80B0286D2254}.Debug|Any CPU.Build.0 = Debug|Any CPU
		{C1B1A72A-6DFB-4192-91BA-80B0286D2254}.Release|Any CPU.ActiveCfg = Release|Any CPU
		{C1B1A72A-6DFB-4192-91BA-80B0286D2254}.Release|Any CPU.Build.0 = Release|Any CPU
		{05BC2053-9EC6-42B2-A9C9-D6CCC9BE647E}.Debug|Any CPU.ActiveCfg = Debug|Any CPU
		{05BC2053-9EC6-42B2-A9C9-D6CCC9BE647E}.Debug|Any CPU.Build.0 = Debug|Any CPU
		{05BC2053-9EC6-42B2-A9C9-D6CCC9BE647E}.Release|Any CPU.ActiveCfg = Release|Any CPU
		{05BC2053-9EC6-42B2-A9C9-D6CCC9BE647E}.Release|Any CPU.Build.0 = Release|Any CPU
		{6C2AAFE0-41FB-472A-9DE8-BA236F3472DD}.Debug|Any CPU.ActiveCfg = Debug|Any CPU
		{6C2AAFE0-41FB-472A-9DE8-BA236F3472DD}.Debug|Any CPU.Build.0 = Debug|Any CPU
		{6C2AAFE0-41FB-472A-9DE8-BA236F3472DD}.Release|Any CPU.ActiveCfg = Release|Any CPU
		{6C2AAFE0-41FB-472A-9DE8-BA236F3472DD}.Release|Any CPU.Build.0 = Release|Any CPU
	EndGlobalSection
	GlobalSection(SolutionProperties) = preSolution
		HideSolutionNode = FALSE
	EndGlobalSection
	GlobalSection(ExtensibilityGlobals) = postSolution
		SolutionGuid = {E8109CAB-24EF-494F-BE1A-6F11DD933A8B}
	EndGlobalSection
EndGlobal
